
Microsoft Visual Studio Solution File, Format Version 12.00
# Visual Studio Version 16
VisualStudioVersion = 16.0.30804.86
MinimumVisualStudioVersion = 10.0.40219.1
Project("{9A19103F-16F7-4668-BE54-9A1E7A4F7556}") = "ScanSeaWebService", "ScanSeaWebService\ScanSeaWebService.csproj", "{78CF22A3-D366-4FFD-85DE-48F5C4A1478D}"
EndProject
Project("{D954291E-2A0B-460D-934E-DC6B0785DB48}") = "ScanSeaProtocols", "ScanSeaProtocols\ScanSeaProtocols.shproj", "{4182CA25-B9EB-4D46-9548-1607879CE79A}"
EndProject
Project("{FAE04EC0-301F-11D3-BF4B-00C04F79EFBC}") = "ScanSeaApp.Android", "ScanSeaApp\ScanSeaApp.Android\ScanSeaApp.Android.csproj", "{4CE75D2F-1CC8-4ADD-8B3E-02F1C4D9C2E1}"
EndProject
Project("{FAE04EC0-301F-11D3-BF4B-00C04F79EFBC}") = "ScanSeaApp", "ScanSeaApp\ScanSeaApp\ScanSeaApp.csproj", "{4D9D4B4C-F077-488A-A0F4-90639AF85D85}"
EndProject
Global
	GlobalSection(SharedMSBuildProjectFiles) = preSolution
		ScanSeaProtocols\ScanSeaProtocols.projitems*{4182ca25-b9eb-4d46-9548-1607879ce79a}*SharedItemsImports = 13
		ScanSeaProtocols\ScanSeaProtocols.projitems*{4d9d4b4c-f077-488a-a0f4-90639af85d85}*SharedItemsImports = 5
		ScanSeaProtocols\ScanSeaProtocols.projitems*{78cf22a3-d366-4ffd-85de-48f5c4a1478d}*SharedItemsImports = 5
	EndGlobalSection
	GlobalSection(SolutionConfigurationPlatforms) = preSolution
		Debug|Any CPU = Debug|Any CPU
		Release|Any CPU = Release|Any CPU
	EndGlobalSection
	GlobalSection(ProjectConfigurationPlatforms) = postSolution
		{78CF22A3-D366-4FFD-85DE-48F5C4A1478D}.Debug|Any CPU.ActiveCfg = Debug|Any CPU
		{78CF22A3-D366-4FFD-85DE-48F5C4A1478D}.Debug|Any CPU.Build.0 = Debug|Any CPU
		{78CF22A3-D366-4FFD-85DE-48F5C4A1478D}.Release|Any CPU.ActiveCfg = Release|Any CPU
		{78CF22A3-D366-4FFD-85DE-48F5C4A1478D}.Release|Any CPU.Build.0 = Release|Any CPU
		{4CE75D2F-1CC8-4ADD-8B3E-02F1C4D9C2E1}.Debug|Any CPU.ActiveCfg = Debug|Any CPU
		{4CE75D2F-1CC8-4ADD-8B3E-02F1C4D9C2E1}.Debug|Any CPU.Build.0 = Debug|Any CPU
		{4CE75D2F-1CC8-4ADD-8B3E-02F1C4D9C2E1}.Debug|Any CPU.Deploy.0 = Debug|Any CPU
		{4CE75D2F-1CC8-4ADD-8B3E-02F1C4D9C2E1}.Release|Any CPU.ActiveCfg = Release|Any CPU
		{4CE75D2F-1CC8-4ADD-8B3E-02F1C4D9C2E1}.Release|Any CPU.Build.0 = Release|Any CPU
		{4CE75D2F-1CC8-4ADD-8B3E-02F1C4D9C2E1}.Release|Any CPU.Deploy.0 = Release|Any CPU
		{4D9D4B4C-F077-488A-A0F4-90639AF85D85}.Debug|Any CPU.ActiveCfg = Debug|Any CPU
		{4D9D4B4C-F077-488A-A0F4-90639AF85D85}.Debug|Any CPU.Build.0 = Debug|Any CPU
		{4D9D4B4C-F077-488A-A0F4-90639AF85D85}.Release|Any CPU.ActiveCfg = Release|Any CPU
		{4D9D4B4C-F077-488A-A0F4-90639AF85D85}.Release|Any CPU.Build.0 = Release|Any CPU
	EndGlobalSection
	GlobalSection(SolutionProperties) = preSolution
		HideSolutionNode = FALSE
	EndGlobalSection
	GlobalSection(ExtensibilityGlobals) = postSolution
		SolutionGuid = {107B8C99-DF1E-48A0-88A4-F120A227533B}
	EndGlobalSection
EndGlobal
